
Microsoft Visual Studio Solution File, Format Version 12.00
# Visual Studio Version 17
VisualStudioVersion = 17.5.002.0
MinimumVisualStudioVersion = 10.0.40219.1
Project("{9A19103F-16F7-4668-BE54-9A1E7A4F7556}") = "CategoriaApi", "CategoriaApi\CategoriaApi.csproj", "{17A734B7-A260-45E6-A837-3432B340F883}"
EndProject
Global
	GlobalSection(SolutionConfigurationPlatforms) = preSolution
		Debug|Any CPU = Debug|Any CPU
		Release|Any CPU = Release|Any CPU
	EndGlobalSection
	GlobalSection(ProjectConfigurationPlatforms) = postSolution
		{17A734B7-A260-45E6-A837-3432B340F883}.Debug|Any CPU.ActiveCfg = Debug|Any CPU
		{17A734B7-A260-45E6-A837-3432B340F883}.Debug|Any CPU.Build.0 = Debug|Any CPU
		{17A734B7-A260-45E6-A837-3432B340F883}.Release|Any CPU.ActiveCfg = Release|Any CPU
		{17A734B7-A260-45E6-A837-3432B340F883}.Release|Any CPU.Build.0 = Release|Any CPU
	EndGlobalSection
	GlobalSection(SolutionProperties) = preSolution
		HideSolutionNode = FALSE
	EndGlobalSection
	GlobalSection(ExtensibilityGlobals) = postSolution
		SolutionGuid = {A16850EC-ED5F-46E8-A10B-B802D5AB350A}
	EndGlobalSection
EndGlobal
